// !$*UTF8*$!
{
	archiveVersion = 1;
	classes = {
	};
	objectVersion = 50;
	objects = {

/* Begin PBXBuildFile section */
		6B37654C24343CC9008C5254 /* AppDelegate.swift in Sources */ = {isa = PBXBuildFile; fileRef = 6B37654B24343CC9008C5254 /* AppDelegate.swift */; };
		6B37654E24343CC9008C5254 /* SceneDelegate.swift in Sources */ = {isa = PBXBuildFile; fileRef = 6B37654D24343CC9008C5254 /* SceneDelegate.swift */; };
		6B37655024343CC9008C5254 /* ViewController.swift in Sources */ = {isa = PBXBuildFile; fileRef = 6B37654F24343CC9008C5254 /* ViewController.swift */; };
		6B37655324343CC9008C5254 /* Main.storyboard in Resources */ = {isa = PBXBuildFile; fileRef = 6B37655124343CC9008C5254 /* Main.storyboard */; };
		6B37655524343CCA008C5254 /* Assets.xcassets in Resources */ = {isa = PBXBuildFile; fileRef = 6B37655424343CCA008C5254 /* Assets.xcassets */; };
		6B37655824343CCA008C5254 /* LaunchScreen.storyboard in Resources */ = {isa = PBXBuildFile; fileRef = 6B37655624343CCA008C5254 /* LaunchScreen.storyboard */; };
		6B3765612434480D008C5254 /* ClientViewController.swift in Sources */ = {isa = PBXBuildFile; fileRef = 6B37655F2434480D008C5254 /* ClientViewController.swift */; };
		6B3765622434480D008C5254 /* ClientViewController.xib in Resources */ = {isa = PBXBuildFile; fileRef = 6B3765602434480D008C5254 /* ClientViewController.xib */; };
		6B37656524344940008C5254 /* ServerViewController.swift in Sources */ = {isa = PBXBuildFile; fileRef = 6B37656324344940008C5254 /* ServerViewController.swift */; };
		6B37656624344940008C5254 /* ServerViewController.xib in Resources */ = {isa = PBXBuildFile; fileRef = 6B37656424344940008C5254 /* ServerViewController.xib */; };
		6B376569243486D6008C5254 /* ServerDemoViewController.swift in Sources */ = {isa = PBXBuildFile; fileRef = 6B376567243486D6008C5254 /* ServerDemoViewController.swift */; };
		6B37656A243486D6008C5254 /* ServerDemoViewController.xib in Resources */ = {isa = PBXBuildFile; fileRef = 6B376568243486D6008C5254 /* ServerDemoViewController.xib */; };
		6B37656D24348F41008C5254 /* ClientDemoViewController.swift in Sources */ = {isa = PBXBuildFile; fileRef = 6B37656B24348F41008C5254 /* ClientDemoViewController.swift */; };
		6B37656E24348F41008C5254 /* ClientDemoViewController.xib in Resources */ = {isa = PBXBuildFile; fileRef = 6B37656C24348F41008C5254 /* ClientDemoViewController.xib */; };
/* End PBXBuildFile section */

/* Begin PBXFileReference section */
		6B37654824343CC9008C5254 /* BluetoothSample3.app */ = {isa = PBXFileReference; explicitFileType = wrapper.application; includeInIndex = 0; path = BluetoothSample3.app; sourceTree = BUILT_PRODUCTS_DIR; };
		6B37654B24343CC9008C5254 /* AppDelegate.swift */ = {isa = PBXFileReference; lastKnownFileType = sourcecode.swift; path = AppDelegate.swift; sourceTree = "<group>"; };
		6B37654D24343CC9008C5254 /* SceneDelegate.swift */ = {isa = PBXFileReference; lastKnownFileType = sourcecode.swift; path = SceneDelegate.swift; sourceTree = "<group>"; };
		6B37654F24343CC9008C5254 /* ViewController.swift */ = {isa = PBXFileReference; lastKnownFileType = sourcecode.swift; path = ViewController.swift; sourceTree = "<group>"; };
		6B37655224343CC9008C5254 /* Base */ = {isa = PBXFileReference; lastKnownFileType = file.storyboard; name = Base; path = Base.lproj/Main.storyboard; sourceTree = "<group>"; };
		6B37655424343CCA008C5254 /* Assets.xcassets */ = {isa = PBXFileReference; lastKnownFileType = folder.assetcatalog; path = Assets.xcassets; sourceTree = "<group>"; };
		6B37655724343CCA008C5254 /* Base */ = {isa = PBXFileReference; lastKnownFileType = file.storyboard; name = Base; path = Base.lproj/LaunchScreen.storyboard; sourceTree = "<group>"; };
		6B37655924343CCA008C5254 /* Info.plist */ = {isa = PBXFileReference; lastKnownFileType = text.plist.xml; path = Info.plist; sourceTree = "<group>"; };
		6B37655F2434480D008C5254 /* ClientViewController.swift */ = {isa = PBXFileReference; lastKnownFileType = sourcecode.swift; path = ClientViewController.swift; sourceTree = "<group>"; };
		6B3765602434480D008C5254 /* ClientViewController.xib */ = {isa = PBXFileReference; lastKnownFileType = file.xib; path = ClientViewController.xib; sourceTree = "<group>"; };
		6B37656324344940008C5254 /* ServerViewController.swift */ = {isa = PBXFileReference; lastKnownFileType = sourcecode.swift; path = ServerViewController.swift; sourceTree = "<group>"; };
		6B37656424344940008C5254 /* ServerViewController.xib */ = {isa = PBXFileReference; lastKnownFileType = file.xib; path = ServerViewController.xib; sourceTree = "<group>"; };
		6B376567243486D6008C5254 /* ServerDemoViewController.swift */ = {isa = PBXFileReference; lastKnownFileType = sourcecode.swift; path = ServerDemoViewController.swift; sourceTree = "<group>"; };
		6B376568243486D6008C5254 /* ServerDemoViewController.xib */ = {isa = PBXFileReference; lastKnownFileType = file.xib; path = ServerDemoViewController.xib; sourceTree = "<group>"; };
		6B37656B24348F41008C5254 /* ClientDemoViewController.swift */ = {isa = PBXFileReference; lastKnownFileType = sourcecode.swift; path = ClientDemoViewController.swift; sourceTree = "<group>"; };
		6B37656C24348F41008C5254 /* ClientDemoViewController.xib */ = {isa = PBXFileReference; lastKnownFileType = file.xib; path = ClientDemoViewController.xib; sourceTree = "<group>"; };
/* End PBXFileReference section */

/* Begin PBXFrameworksBuildPhase section */
		6B37654524343CC9008C5254 /* Frameworks */ = {
			isa = PBXFrameworksBuildPhase;
			buildActionMask = 2147483647;
			files = (
			);
			runOnlyForDeploymentPostprocessing = 0;
		};
/* End PBXFrameworksBuildPhase section */

/* Begin PBXGroup section */
		6B37653F24343CC9008C5254 = {
			isa = PBXGroup;
			children = (
				6B37654A24343CC9008C5254 /* BluetoothSample3 */,
				6B37654924343CC9008C5254 /* Products */,
			);
			sourceTree = "<group>";
		};
		6B37654924343CC9008C5254 /* Products */ = {
			isa = PBXGroup;
			children = (
				6B37654824343CC9008C5254 /* BluetoothSample3.app */,
			);
			name = Products;
			sourceTree = "<group>";
		};
		6B37654A24343CC9008C5254 /* BluetoothSample3 */ = {
			isa = PBXGroup;
			children = (
				6B37654B24343CC9008C5254 /* AppDelegate.swift */,
				6B37654D24343CC9008C5254 /* SceneDelegate.swift */,
				6B37654F24343CC9008C5254 /* ViewController.swift */,
				6B37655124343CC9008C5254 /* Main.storyboard */,
				6B37655424343CCA008C5254 /* Assets.xcassets */,
				6B37655624343CCA008C5254 /* LaunchScreen.storyboard */,
				6B37655924343CCA008C5254 /* Info.plist */,
				6B37655F2434480D008C5254 /* ClientViewController.swift */,
				6B3765602434480D008C5254 /* ClientViewController.xib */,
				6B37656324344940008C5254 /* ServerViewController.swift */,
				6B37656424344940008C5254 /* ServerViewController.xib */,
				6B376567243486D6008C5254 /* ServerDemoViewController.swift */,
				6B376568243486D6008C5254 /* ServerDemoViewController.xib */,
				6B37656B24348F41008C5254 /* ClientDemoViewController.swift */,
				6B37656C24348F41008C5254 /* ClientDemoViewController.xib */,
			);
			path = BluetoothSample3;
			sourceTree = "<group>";
		};
/* End PBXGroup section */

/* Begin PBXNativeTarget section */
		6B37654724343CC9008C5254 /* BluetoothSample3 */ = {
			isa = PBXNativeTarget;
			buildConfigurationList = 6B37655C24343CCA008C5254 /* Build configuration list for PBXNativeTarget "BluetoothSample3" */;
			buildPhases = (
				6B37654424343CC9008C5254 /* Sources */,
				6B37654524343CC9008C5254 /* Frameworks */,
				6B37654624343CC9008C5254 /* Resources */,
			);
			buildRules = (
			);
			dependencies = (
			);
			name = BluetoothSample3;
			productName = BluetoothSample3;
			productReference = 6B37654824343CC9008C5254 /* BluetoothSample3.app */;
			productType = "com.apple.product-type.application";
		};
/* End PBXNativeTarget section */

/* Begin PBXProject section */
		6B37654024343CC9008C5254 /* Project object */ = {
			isa = PBXProject;
			attributes = {
				LastSwiftUpdateCheck = 1140;
				LastUpgradeCheck = 1140;
				ORGANIZATIONNAME = "Takuya Yokoyama";
				TargetAttributes = {
					6B37654724343CC9008C5254 = {
						CreatedOnToolsVersion = 11.4;
					};
				};
			};
			buildConfigurationList = 6B37654324343CC9008C5254 /* Build configuration list for PBXProject "BluetoothSample3" */;
			compatibilityVersion = "Xcode 9.3";
			developmentRegion = en;
			hasScannedForEncodings = 0;
			knownRegions = (
				en,
				Base,
			);
			mainGroup = 6B37653F24343CC9008C5254;
			productRefGroup = 6B37654924343CC9008C5254 /* Products */;
			projectDirPath = "";
			projectRoot = "";
			targets = (
				6B37654724343CC9008C5254 /* BluetoothSample3 */,
			);
		};
/* End PBXProject section */

/* Begin PBXResourcesBuildPhase section */
		6B37654624343CC9008C5254 /* Resources */ = {
			isa = PBXResourcesBuildPhase;
			buildActionMask = 2147483647;
			files = (
				6B37656A243486D6008C5254 /* ServerDemoViewController.xib in Resources */,
				6B37655824343CCA008C5254 /* LaunchScreen.storyboard in Resources */,
				6B37655524343CCA008C5254 /* Assets.xcassets in Resources */,
				6B37656E24348F41008C5254 /* ClientDemoViewController.xib in Resources */,
				6B37655324343CC9008C5254 /* Main.storyboard in Resources */,
				6B37656624344940008C5254 /* ServerViewController.xib in Resources */,
				6B3765622434480D008C5254 /* ClientViewController.xib in Resources */,
			);
			runOnlyForDeploymentPostprocessing = 0;
		};
/* End PBXResourcesBuildPhase section */

/* Begin PBXSourcesBuildPhase section */
		6B37654424343CC9008C5254 /* Sources */ = {
			isa = PBXSourcesBuildPhase;
			buildActionMask = 2147483647;
			files = (
				6B37655024343CC9008C5254 /* ViewController.swift in Sources */,
				6B37656D24348F41008C5254 /* ClientDemoViewController.swift in Sources */,
				6B37654C24343CC9008C5254 /* AppDelegate.swift in Sources */,
				6B376569243486D6008C5254 /* ServerDemoViewController.swift in Sources */,
				6B37654E24343CC9008C5254 /* SceneDelegate.swift in Sources */,
				6B37656524344940008C5254 /* ServerViewController.swift in Sources */,
				6B3765612434480D008C5254 /* ClientViewController.swift in Sources */,
			);
			runOnlyForDeploymentPostprocessing = 0;
		};
/* End PBXSourcesBuildPhase section */

/* Begin PBXVariantGroup section */
		6B37655124343CC9008C5254 /* Main.storyboard */ = {
			isa = PBXVariantGroup;
			children = (
				6B37655224343CC9008C5254 /* Base */,
			);
			name = Main.storyboard;
			sourceTree = "<group>";
		};
		6B37655624343CCA008C5254 /* LaunchScreen.storyboard */ = {
			isa = PBXVariantGroup;
			children = (
				6B37655724343CCA008C5254 /* Base */,
			);
			name = LaunchScreen.storyboard;
			sourceTree = "<group>";
		};
/* End PBXVariantGroup section */

/* Begin XCBuildConfiguration section */
		6B37655A24343CCA008C5254 /* Debug */ = {
			isa = XCBuildConfiguration;
			buildSettings = {
				ALWAYS_SEARCH_USER_PATHS = NO;
				CLANG_ANALYZER_NONNULL = YES;
				CLANG_ANALYZER_NUMBER_OBJECT_CONVERSION = YES_AGGRESSIVE;
				CLANG_CXX_LANGUAGE_STANDARD = "gnu++14";
				CLANG_CXX_LIBRARY = "libc++";
				CLANG_ENABLE_MODULES = YES;
				CLANG_ENABLE_OBJC_ARC = YES;
				CLANG_ENABLE_OBJC_WEAK = YES;
				CLANG_WARN_BLOCK_CAPTURE_AUTORELEASING = YES;
				CLANG_WARN_BOOL_CONVERSION = YES;
				CLANG_WARN_COMMA = YES;
				CLANG_WARN_CONSTANT_CONVERSION = YES;
				CLANG_WARN_DEPRECATED_OBJC_IMPLEMENTATIONS = YES;
				CLANG_WARN_DIRECT_OBJC_ISA_USAGE = YES_ERROR;
				CLANG_WARN_DOCUMENTATION_COMMENTS = YES;
				CLANG_WARN_EMPTY_BODY = YES;
				CLANG_WARN_ENUM_CONVERSION = YES;
				CLANG_WARN_INFINITE_RECURSION = YES;
				CLANG_WARN_INT_CONVERSION = YES;
				CLANG_WARN_NON_LITERAL_NULL_CONVERSION = YES;
				CLANG_WARN_OBJC_IMPLICIT_RETAIN_SELF = YES;
				CLANG_WARN_OBJC_LITERAL_CONVERSION = YES;
				CLANG_WARN_OBJC_ROOT_CLASS = YES_ERROR;
				CLANG_WARN_RANGE_LOOP_ANALYSIS = YES;
				CLANG_WARN_STRICT_PROTOTYPES = YES;
				CLANG_WARN_SUSPICIOUS_MOVE = YES;
				CLANG_WARN_UNGUARDED_AVAILABILITY = YES_AGGRESSIVE;
				CLANG_WARN_UNREACHABLE_CODE = YES;
				CLANG_WARN__DUPLICATE_METHOD_MATCH = YES;
				COPY_PHASE_STRIP = NO;
				DEBUG_INFORMATION_FORMAT = dwarf;
				ENABLE_STRICT_OBJC_MSGSEND = YES;
				ENABLE_TESTABILITY = YES;
				GCC_C_LANGUAGE_STANDARD = gnu11;
				GCC_DYNAMIC_NO_PIC = NO;
				GCC_NO_COMMON_BLOCKS = YES;
				GCC_OPTIMIZATION_LEVEL = 0;
				GCC_PREPROCESSOR_DEFINITIONS = (
					"DEBUG=1",
					"$(inherited)",
				);
				GCC_WARN_64_TO_32_BIT_CONVERSION = YES;
				GCC_WARN_ABOUT_RETURN_TYPE = YES_ERROR;
				GCC_WARN_UNDECLARED_SELECTOR = YES;
				GCC_WARN_UNINITIALIZED_AUTOS = YES_AGGRESSIVE;
				GCC_WARN_UNUSED_FUNCTION = YES;
				GCC_WARN_UNUSED_VARIABLE = YES;
				IPHONEOS_DEPLOYMENT_TARGET = 13.0;
				MTL_ENABLE_DEBUG_INFO = INCLUDE_SOURCE;
				MTL_FAST_MATH = YES;
				ONLY_ACTIVE_ARCH = YES;
				SDKROOT = iphoneos;
				SWIFT_ACTIVE_COMPILATION_CONDITIONS = DEBUG;
				SWIFT_OPTIMIZATION_LEVEL = "-Onone";
			};
			name = Debug;
		};
		6B37655B24343CCA008C5254 /* Release */ = {
			isa = XCBuildConfiguration;
			buildSettings = {
				ALWAYS_SEARCH_USER_PATHS = NO;
				CLANG_ANALYZER_NONNULL = YES;
				CLANG_ANALYZER_NUMBER_OBJECT_CONVERSION = YES_AGGRESSIVE;
				CLANG_CXX_LANGUAGE_STANDARD = "gnu++14";
				CLANG_CXX_LIBRARY = "libc++";
				CLANG_ENABLE_MODULES = YES;
				CLANG_ENABLE_OBJC_ARC = YES;
				CLANG_ENABLE_OBJC_WEAK = YES;
				CLANG_WARN_BLOCK_CAPTURE_AUTORELEASING = YES;
				CLANG_WARN_BOOL_CONVERSION = YES;
				CLANG_WARN_COMMA = YES;
				CLANG_WARN_CONSTANT_CONVERSION = YES;
				CLANG_WARN_DEPRECATED_OBJC_IMPLEMENTATIONS = YES;
				CLANG_WARN_DIRECT_OBJC_ISA_USAGE = YES_ERROR;
				CLANG_WARN_DOCUMENTATION_COMMENTS = YES;
				CLANG_WARN_EMPTY_BODY = YES;
				CLANG_WARN_ENUM_CONVERSION = YES;
				CLANG_WARN_INFINITE_RECURSION = YES;
				CLANG_WARN_INT_CONVERSION = YES;
				CLANG_WARN_NON_LITERAL_NULL_CONVERSION = YES;
				CLANG_WARN_OBJC_IMPLICIT_RETAIN_SELF = YES;
				CLANG_WARN_OBJC_LITERAL_CONVERSION = YES;
				CLANG_WARN_OBJC_ROOT_CLASS = YES_ERROR;
				CLANG_WARN_RANGE_LOOP_ANALYSIS = YES;
				CLANG_WARN_STRICT_PROTOTYPES = YES;
				CLANG_WARN_SUSPICIOUS_MOVE = YES;
				CLANG_WARN_UNGUARDED_AVAILABILITY = YES_AGGRESSIVE;
				CLANG_WARN_UNREACHABLE_CODE = YES;
				CLANG_WARN__DUPLICATE_METHOD_MATCH = YES;
				COPY_PHASE_STRIP = NO;
				DEBUG_INFORMATION_FORMAT = "dwarf-with-dsym";
				ENABLE_NS_ASSERTIONS = NO;
				ENABLE_STRICT_OBJC_MSGSEND = YES;
				GCC_C_LANGUAGE_STANDARD = gnu11;
				GCC_NO_COMMON_BLOCKS = YES;
				GCC_WARN_64_TO_32_BIT_CONVERSION = YES;
				GCC_WARN_ABOUT_RETURN_TYPE = YES_ERROR;
				GCC_WARN_UNDECLARED_SELECTOR = YES;
				GCC_WARN_UNINITIALIZED_AUTOS = YES_AGGRESSIVE;
				GCC_WARN_UNUSED_FUNCTION = YES;
				GCC_WARN_UNUSED_VARIABLE = YES;
				IPHONEOS_DEPLOYMENT_TARGET = 13.0;
				MTL_ENABLE_DEBUG_INFO = NO;
				MTL_FAST_MATH = YES;
				SDKROOT = iphoneos;
				SWIFT_COMPILATION_MODE = wholemodule;
				SWIFT_OPTIMIZATION_LEVEL = "-O";
				VALIDATE_PRODUCT = YES;
			};
			name = Release;
		};
		6B37655D24343CCA008C5254 /* Debug */ = {
			isa = XCBuildConfiguration;
			buildSettings = {
				ASSETCATALOG_COMPILER_APPICON_NAME = AppIcon;
				CODE_SIGN_STYLE = Automatic;
				DEVELOPMENT_TEAM = 29C6ELZ3SW;
				INFOPLIST_FILE = BluetoothSample3/Info.plist;
				LD_RUNPATH_SEARCH_PATHS = (
					"$(inherited)",
					"@executable_path/Frameworks",
				);
				PRODUCT_BUNDLE_IDENTIFIER = jp.co.chocoyama.BluetoothSample3;
				PRODUCT_NAME = "$(TARGET_NAME)";
				SWIFT_VERSION = 5.0;
				TARGETED_DEVICE_FAMILY = "1,2";
			};
			name = Debug;
		};
		6B37655E24343CCA008C5254 /* Release */ = {
			isa = XCBuildConfiguration;
			buildSettings = {
				ASSETCATALOG_COMPILER_APPICON_NAME = AppIcon;
				CODE_SIGN_STYLE = Automatic;
				DEVELOPMENT_TEAM = 29C6ELZ3SW;
				INFOPLIST_FILE = BluetoothSample3/Info.plist;
				LD_RUNPATH_SEARCH_PATHS = (
					"$(inherited)",
					"@executable_path/Frameworks",
				);
				PRODUCT_BUNDLE_IDENTIFIER = jp.co.chocoyama.BluetoothSample3;
				PRODUCT_NAME = "$(TARGET_NAME)";
				SWIFT_VERSION = 5.0;
				TARGETED_DEVICE_FAMILY = "1,2";
			};
			name = Release;
		};
/* End XCBuildConfiguration section */

/* Begin XCConfigurationList section */
		6B37654324343CC9008C5254 /* Build configuration list for PBXProject "BluetoothSample3" */ = {
			isa = XCConfigurationList;
			buildConfigurations = (
				6B37655A24343CCA008C5254 /* Debug */,
				6B37655B24343CCA008C5254 /* Release */,
			);
			defaultConfigurationIsVisible = 0;
			defaultConfigurationName = Release;
		};
		6B37655C24343CCA008C5254 /* Build configuration list for PBXNativeTarget "BluetoothSample3" */ = {
			isa = XCConfigurationList;
			buildConfigurations = (
				6B37655D24343CCA008C5254 /* Debug */,
				6B37655E24343CCA008C5254 /* Release */,
			);
			defaultConfigurationIsVisible = 0;
			defaultConfigurationName = Release;
		};
/* End XCConfigurationList section */
	};
	rootObject = 6B37654024343CC9008C5254 /* Project object */;
}
